
Microsoft Visual Studio Solution File, Format Version 12.00
# Visual Studio Version 17
VisualStudioVersion = 17.12.35707.178
MinimumVisualStudioVersion = 10.0.40219.1
Project("{FAE04EC0-301F-11D3-BF4B-00C04F79EFBC}") = "BunnyTail.MemberAccessor", "BunnyTail.MemberAccessor\BunnyTail.MemberAccessor.csproj", "{73BA5592-6857-4994-BD27-E7E415EBC5FE}"
EndProject
Project("{FAE04EC0-301F-11D3-BF4B-00C04F79EFBC}") = "BunnyTail.MemberAccessor.Generator", "BunnyTail.MemberAccessor.Generator\BunnyTail.MemberAccessor.Generator.csproj", "{2921C67D-EFFB-42DF-901F-9767C37FE833}"
EndProject
Project("{FAE04EC0-301F-11D3-BF4B-00C04F79EFBC}") = "BunnyTail.MemberAccessor.Tests", "BunnyTail.MemberAccessor.Tests\BunnyTail.MemberAccessor.Tests.csproj", "{D943B026-FB65-4972-BC33-CEB410B104B9}"
EndProject
Project("{2150E333-8FDC-42A3-9474-1A3956D46DE8}") = "Solution Items", "Solution Items", "{2E84C1CA-7C06-4B39-AD3E-CF785900AAC8}"
	ProjectSection(SolutionItems) = preProject
		.editorconfig = .editorconfig
		.gitattributes = .gitattributes
		.gitignore = .gitignore
		Analyzers.ruleset = Analyzers.ruleset
		BunnyTail.MemberAccessor.props = BunnyTail.MemberAccessor.props
		BunnyTail.MemberAccessor.sln.DotSettings = BunnyTail.MemberAccessor.sln.DotSettings
		Directory.Build.props = Directory.Build.props
		Directory.Build.targets = Directory.Build.targets
		LICENSE = LICENSE
		README.md = README.md
		test.runsettings = test.runsettings
	EndProjectSection
EndProject
Global
	GlobalSection(SolutionConfigurationPlatforms) = preSolution
		Debug|Any CPU = Debug|Any CPU
		Release|Any CPU = Release|Any CPU
	EndGlobalSection
	GlobalSection(ProjectConfigurationPlatforms) = postSolution
		{73BA5592-6857-4994-BD27-E7E415EBC5FE}.Debug|Any CPU.ActiveCfg = Debug|Any CPU
		{73BA5592-6857-4994-BD27-E7E415EBC5FE}.Debug|Any CPU.Build.0 = Debug|Any CPU
		{73BA5592-6857-4994-BD27-E7E415EBC5FE}.Release|Any CPU.ActiveCfg = Release|Any CPU
		{73BA5592-6857-4994-BD27-E7E415EBC5FE}.Release|Any CPU.Build.0 = Release|Any CPU
		{2921C67D-EFFB-42DF-901F-9767C37FE833}.Debug|Any CPU.ActiveCfg = Debug|Any CPU
		{2921C67D-EFFB-42DF-901F-9767C37FE833}.Debug|Any CPU.Build.0 = Debug|Any CPU
		{2921C67D-EFFB-42DF-901F-9767C37FE833}.Release|Any CPU.ActiveCfg = Release|Any CPU
		{2921C67D-EFFB-42DF-901F-9767C37FE833}.Release|Any CPU.Build.0 = Release|Any CPU
		{D943B026-FB65-4972-BC33-CEB410B104B9}.Debug|Any CPU.ActiveCfg = Debug|Any CPU
		{D943B026-FB65-4972-BC33-CEB410B104B9}.Debug|Any CPU.Build.0 = Debug|Any CPU
		{D943B026-FB65-4972-BC33-CEB410B104B9}.Release|Any CPU.ActiveCfg = Release|Any CPU
		{D943B026-FB65-4972-BC33-CEB410B104B9}.Release|Any CPU.Build.0 = Release|Any CPU
	EndGlobalSection
	GlobalSection(SolutionProperties) = preSolution
		HideSolutionNode = FALSE
	EndGlobalSection
EndGlobal
